
Microsoft Visual Studio Solution File, Format Version 12.00
# Visual Studio Version 16
VisualStudioVersion = 16.0.30011.22
MinimumVisualStudioVersion = 10.0.40219.1
Project("{FAE04EC0-301F-11D3-BF4B-00C04F79EFBC}") = "RazorPagesMovie", "RazorPagesMovie.csproj", "{27E27ABF-F49B-42D7-958F-1F8888A5B746}"
EndProject
Global
	GlobalSection(SolutionConfigurationPlatforms) = preSolution
		Debug|Any CPU = Debug|Any CPU
		Release|Any CPU = Release|Any CPU
	EndGlobalSection
	GlobalSection(ProjectConfigurationPlatforms) = postSolution
		{27E27ABF-F49B-42D7-958F-1F8888A5B746}.Debug|Any CPU.ActiveCfg = Debug|Any CPU
		{27E27ABF-F49B-42D7-958F-1F8888A5B746}.Debug|Any CPU.Build.0 = Debug|Any CPU
		{27E27ABF-F49B-42D7-958F-1F8888A5B746}.Release|Any CPU.ActiveCfg = Release|Any CPU
		{27E27ABF-F49B-42D7-958F-1F8888A5B746}.Release|Any CPU.Build.0 = Release|Any CPU
	EndGlobalSection
	GlobalSection(SolutionProperties) = preSolution
		HideSolutionNode = FALSE
	EndGlobalSection
	GlobalSection(ExtensibilityGlobals) = postSolution
		SolutionGuid = {0A9ABBF8-0CFA-4C5A-BF94-ED1AFB5F835E}
	EndGlobalSection
EndGlobal
